
Microsoft Visual Studio Solution File, Format Version 12.00
# Visual Studio 15
VisualStudioVersion = 15.0.27428.2015
MinimumVisualStudioVersion = 10.0.40219.1
Project("{FAE04EC0-301F-11D3-BF4B-00C04F79EFBC}") = "fatehStudio", "fatehStudio\fatehStudio.csproj", "{156177C7-8054-4AE4-A32D-4C447C493E16}"
EndProject
Global
	GlobalSection(SolutionConfigurationPlatforms) = preSolution
		Debug|Any CPU = Debug|Any CPU
		Release|Any CPU = Release|Any CPU
	EndGlobalSection
	GlobalSection(ProjectConfigurationPlatforms) = postSolution
		{156177C7-8054-4AE4-A32D-4C447C493E16}.Debug|Any CPU.ActiveCfg = Debug|Any CPU
		{156177C7-8054-4AE4-A32D-4C447C493E16}.Debug|Any CPU.Build.0 = Debug|Any CPU
		{156177C7-8054-4AE4-A32D-4C447C493E16}.Release|Any CPU.ActiveCfg = Release|Any CPU
		{156177C7-8054-4AE4-A32D-4C447C493E16}.Release|Any CPU.Build.0 = Release|Any CPU
	EndGlobalSection
	GlobalSection(SolutionProperties) = preSolution
		HideSolutionNode = FALSE
	EndGlobalSection
	GlobalSection(ExtensibilityGlobals) = postSolution
		SolutionGuid = {3CE7B6D3-AF05-41B8-B92C-5A4221A81B7D}
	EndGlobalSection
EndGlobal
